{
  "name": "webpub-starter",
  "version": "1.0.0",
  "lockfileVersion": 3,
  "requires": true,
  "packages": {
    "": {
      "name": "webpub-starter",
      "version": "1.0.0",
      "license": "ISC",
      "dependencies": {
        "webpub": "file://../webpub/package"
      }
    },
    "../webpub/package": {
      "name": "webdev",
      "version": "0.0.1",
      "license": "ISC",
      "dependencies": {
        "lit": "^3.3.0"
      },
      "bin": {
        "webpub": "dist/cli.js"
      },
      "devDependencies": {
        "@types/bun": "^1.2.21",
        "@types/js-yaml": "^4.0.9",
        "glob": "11.0.3",
        "js-yaml": "^4.1.0",
        "marked": "^16.2.0",
        "sharp": "^0.34.3",
        "typescript": "5.9.2"
      }
    },
    "node_modules/webpub": {
      "resolved": "../webpub/package",
      "link": true
    }
  }
}
